
Microsoft Visual Studio Solution File, Format Version 12.00
# Visual Studio Version 16
VisualStudioVersion = 16.0.29009.5
MinimumVisualStudioVersion = 10.0.40219.1
Project("{FAE04EC0-301F-11D3-BF4B-00C04F79EFBC}") = "Classi_Geometria", "Classi_Geometria\Classi_Geometria.csproj", "{E17396D4-C7F0-4F48-A8B6-AC6F1020E69E}"
EndProject
Project("{FAE04EC0-301F-11D3-BF4B-00C04F79EFBC}") = "TestEreditarietà", "TestEreditarietà\TestEreditarietà.csproj", "{21848298-E4F7-465B-8C58-032750346439}"
EndProject
Global
	GlobalSection(SolutionConfigurationPlatforms) = preSolution
		Debug|Any CPU = Debug|Any CPU
		Release|Any CPU = Release|Any CPU
	EndGlobalSection
	GlobalSection(ProjectConfigurationPlatforms) = postSolution
		{E17396D4-C7F0-4F48-A8B6-AC6F1020E69E}.Debug|Any CPU.ActiveCfg = Debug|Any CPU
		{E17396D4-C7F0-4F48-A8B6-AC6F1020E69E}.Debug|Any CPU.Build.0 = Debug|Any CPU
		{E17396D4-C7F0-4F48-A8B6-AC6F1020E69E}.Release|Any CPU.ActiveCfg = Release|Any CPU
		{E17396D4-C7F0-4F48-A8B6-AC6F1020E69E}.Release|Any CPU.Build.0 = Release|Any CPU
		{21848298-E4F7-465B-8C58-032750346439}.Debug|Any CPU.ActiveCfg = Debug|Any CPU
		{21848298-E4F7-465B-8C58-032750346439}.Debug|Any CPU.Build.0 = Debug|Any CPU
		{21848298-E4F7-465B-8C58-032750346439}.Release|Any CPU.ActiveCfg = Release|Any CPU
		{21848298-E4F7-465B-8C58-032750346439}.Release|Any CPU.Build.0 = Release|Any CPU
	EndGlobalSection
	GlobalSection(SolutionProperties) = preSolution
		HideSolutionNode = FALSE
	EndGlobalSection
	GlobalSection(ExtensibilityGlobals) = postSolution
		SolutionGuid = {DD2DDC45-165A-4C05-B6D0-AE87D9A1C8CC}
	EndGlobalSection
EndGlobal
